// !$*UTF8*$!
{
	archiveVersion = 1;
	classes = {
	};
	objectVersion = 46;
	objects = {

/* Begin PBXBuildFile section */
		FBA2D8B71C716CB700FEA64B /* main.m in Sources */ = {isa = PBXBuildFile; fileRef = FBA2D8B61C716CB700FEA64B /* main.m */; };
		FBA2D8BA1C716CB700FEA64B /* AppDelegate.m in Sources */ = {isa = PBXBuildFile; fileRef = FBA2D8B91C716CB700FEA64B /* AppDelegate.m */; };
		FBA2D8BD1C716CB700FEA64B /* ViewController.m in Sources */ = {isa = PBXBuildFile; fileRef = FBA2D8BC1C716CB700FEA64B /* ViewController.m */; };
		FBA2D8C01C716CB700FEA64B /* Main.storyboard in Resources */ = {isa = PBXBuildFile; fileRef = FBA2D8BE1C716CB700FEA64B /* Main.storyboard */; };
		FBA2D8C21C716CB700FEA64B /* Images.xcassets in Resources */ = {isa = PBXBuildFile; fileRef = FBA2D8C11C716CB700FEA64B /* Images.xcassets */; };
		FBA2D8C51C716CB700FEA64B /* LaunchScreen.xib in Resources */ = {isa = PBXBuildFile; fileRef = FBA2D8C31C716CB700FEA64B /* LaunchScreen.xib */; };
		FBA2D8D11C716CB700FEA64B /* gitdemoTests.m in Sources */ = {isa = PBXBuildFile; fileRef = FBA2D8D01C716CB700FEA64B /* gitdemoTests.m */; };
/* End PBXBuildFile section */

/* Begin PBXContainerItemProxy section */
		FBA2D8CB1C716CB700FEA64B /* PBXContainerItemProxy */ = {
			isa = PBXContainerItemProxy;
			containerPortal = FBA2D8A91C716CB700FEA64B /* Project object */;
			proxyType = 1;
			remoteGlobalIDString = FBA2D8B01C716CB700FEA64B;
			remoteInfo = gitdemo;
		};
/* End PBXContainerItemProxy section */

/* Begin PBXFileReference section */
		FBA2D8B11C716CB700FEA64B /* gitdemo.app */ = {isa = PBXFileReference; explicitFileType = wrapper.application; includeInIndex = 0; path = gitdemo.app; sourceTree = BUILT_PRODUCTS_DIR; };
		FBA2D8B51C716CB700FEA64B /* Info.plist */ = {isa = PBXFileReference; lastKnownFileType = text.plist.xml; path = Info.plist; sourceTree = "<group>"; };
		FBA2D8B61C716CB700FEA64B /* main.m */ = {isa = PBXFileReference; lastKnownFileType = sourcecode.c.objc; path = main.m; sourceTree = "<group>"; };
		FBA2D8B81C716CB700FEA64B /* AppDelegate.h */ = {isa = PBXFileReference; lastKnownFileType = sourcecode.c.h; path = AppDelegate.h; sourceTree = "<group>"; };
		FBA2D8B91C716CB700FEA64B /* AppDelegate.m */ = {isa = PBXFileReference; lastKnownFileType = sourcecode.c.objc; path = AppDelegate.m; sourceTree = "<group>"; };
		FBA2D8BB1C716CB700FEA64B /* ViewController.h */ = {isa = PBXFileReference; lastKnownFileType = sourcecode.c.h; path = ViewController.h; sourceTree = "<group>"; };
		FBA2D8BC1C716CB700FEA64B /* ViewController.m */ = {isa = PBXFileReference; lastKnownFileType = sourcecode.c.objc; path = ViewController.m; sourceTree = "<group>"; };
		FBA2D8BF1C716CB700FEA64B /* Base */ = {isa = PBXFileReference; lastKnownFileType = file.storyboard; name = Base; path = Base.lproj/Main.storyboard; sourceTree = "<group>"; };
		FBA2D8C11C716CB700FEA64B /* Images.xcassets */ = {isa = PBXFileReference; lastKnownFileType = folder.assetcatalog; path = Images.xcassets; sourceTree = "<group>"; };
		FBA2D8C41C716CB700FEA64B /* Base */ = {isa = PBXFileReference; lastKnownFileType = file.xib; name = Base; path = Base.lproj/LaunchScreen.xib; sourceTree = "<group>"; };
		FBA2D8CA1C716CB700FEA64B /* gitdemoTests.xctest */ = {isa = PBXFileReference; explicitFileType = wrapper.cfbundle; includeInIndex = 0; path = gitdemoTests.xctest; sourceTree = BUILT_PRODUCTS_DIR; };
		FBA2D8CF1C716CB700FEA64B /* Info.plist */ = {isa = PBXFileReference; lastKnownFileType = text.plist.xml; path = Info.plist; sourceTree = "<group>"; };
		FBA2D8D01C716CB700FEA64B /* gitdemoTests.m */ = {isa = PBXFileReference; lastKnownFileType = sourcecode.c.objc; path = gitdemoTests.m; sourceTree = "<group>"; };
/* End PBXFileReference section */

/* Begin PBXFrameworksBuildPhase section */
		FBA2D8AE1C716CB700FEA64B /* Frameworks */ = {
			isa = PBXFrameworksBuildPhase;
			buildActionMask = 2147483647;
			files = (
			);
			runOnlyForDeploymentPostprocessing = 0;
		};
		FBA2D8C71C716CB700FEA64B /* Frameworks */ = {
			isa = PBXFrameworksBuildPhase;
			buildActionMask = 2147483647;
			files = (
			);
			runOnlyForDeploymentPostprocessing = 0;
		};
/* End PBXFrameworksBuildPhase section */

/* Begin PBXGroup section */
		FBA2D8A81C716CB700FEA64B = {
			isa = PBXGroup;
			children = (
				FBA2D8B31C716CB700FEA64B /* gitdemo */,
				FBA2D8CD1C716CB700FEA64B /* gitdemoTests */,
				FBA2D8B21C716CB700FEA64B /* Products */,
			);
			sourceTree = "<group>";
		};
		FBA2D8B21C716CB700FEA64B /* Products */ = {
			isa = PBXGroup;
			children = (
				FBA2D8B11C716CB700FEA64B /* gitdemo.app */,
				FBA2D8CA1C716CB700FEA64B /* gitdemoTests.xctest */,
			);
			name = Products;
			sourceTree = "<group>";
		};
		FBA2D8B31C716CB700FEA64B /* gitdemo */ = {
			isa = PBXGroup;
			children = (
				FBA2D8B81C716CB700FEA64B /* AppDelegate.h */,
				FBA2D8B91C716CB700FEA64B /* AppDelegate.m */,
				FBA2D8BB1C716CB700FEA64B /* ViewController.h */,
				FBA2D8BC1C716CB700FEA64B /* ViewController.m */,
				FBA2D8BE1C716CB700FEA64B /* Main.storyboard */,
				FBA2D8C11C716CB700FEA64B /* Images.xcassets */,
				FBA2D8C31C716CB700FEA64B /* LaunchScreen.xib */,
				FBA2D8B41C716CB700FEA64B /* Supporting Files */,
			);
			path = gitdemo;
			sourceTree = "<group>";
		};
		FBA2D8B41C716CB700FEA64B /* Supporting Files */ = {
			isa = PBXGroup;
			children = (
				FBA2D8B51C716CB700FEA64B /* Info.plist */,
				FBA2D8B61C716CB700FEA64B /* main.m */,
			);
			name = "Supporting Files";
			sourceTree = "<group>";
		};
		FBA2D8CD1C716CB700FEA64B /* gitdemoTests */ = {
			isa = PBXGroup;
			children = (
				FBA2D8D01C716CB700FEA64B /* gitdemoTests.m */,
				FBA2D8CE1C716CB700FEA64B /* Supporting Files */,
			);
			path = gitdemoTests;
			sourceTree = "<group>";
		};
		FBA2D8CE1C716CB700FEA64B /* Supporting Files */ = {
			isa = PBXGroup;
			children = (
				FBA2D8CF1C716CB700FEA64B /* Info.plist */,
			);
			name = "Supporting Files";
			sourceTree = "<group>";
		};
/* End PBXGroup section */

/* Begin PBXNativeTarget section */
		FBA2D8B01C716CB700FEA64B /* gitdemo */ = {
			isa = PBXNativeTarget;
			buildConfigurationList = FBA2D8D41C716CB700FEA64B /* Build configuration list for PBXNativeTarget "gitdemo" */;
			buildPhases = (
				FBA2D8AD1C716CB700FEA64B /* Sources */,
				FBA2D8AE1C716CB700FEA64B /* Frameworks */,
				FBA2D8AF1C716CB700FEA64B /* Resources */,
			);
			buildRules = (
			);
			dependencies = (
			);
			name = gitdemo;
			productName = gitdemo;
			productReference = FBA2D8B11C716CB700FEA64B /* gitdemo.app */;
			productType = "com.apple.product-type.application";
		};
		FBA2D8C91C716CB700FEA64B /* gitdemoTests */ = {
			isa = PBXNativeTarget;
			buildConfigurationList = FBA2D8D71C716CB700FEA64B /* Build configuration list for PBXNativeTarget "gitdemoTests" */;
			buildPhases = (
				FBA2D8C61C716CB700FEA64B /* Sources */,
				FBA2D8C71C716CB700FEA64B /* Frameworks */,
				FBA2D8C81C716CB700FEA64B /* Resources */,
			);
			buildRules = (
			);
			dependencies = (
				FBA2D8CC1C716CB700FEA64B /* PBXTargetDependency */,
			);
			name = gitdemoTests;
			productName = gitdemoTests;
			productReference = FBA2D8CA1C716CB700FEA64B /* gitdemoTests.xctest */;
			productType = "com.apple.product-type.bundle.unit-test";
		};
/* End PBXNativeTarget section */

/* Begin PBXProject section */
		FBA2D8A91C716CB700FEA64B /* Project object */ = {
			isa = PBXProject;
			attributes = {
				LastUpgradeCheck = 0630;
				ORGANIZATIONNAME = jereh;
				TargetAttributes = {
					FBA2D8B01C716CB700FEA64B = {
						CreatedOnToolsVersion = 6.3.2;
					};
					FBA2D8C91C716CB700FEA64B = {
						CreatedOnToolsVersion = 6.3.2;
						TestTargetID = FBA2D8B01C716CB700FEA64B;
					};
				};
			};
			buildConfigurationList = FBA2D8AC1C716CB700FEA64B /* Build configuration list for PBXProject "gitdemo" */;
			compatibilityVersion = "Xcode 3.2";
			developmentRegion = English;
			hasScannedForEncodings = 0;
			knownRegions = (
				en,
				Base,
			);
			mainGroup = FBA2D8A81C716CB700FEA64B;
			productRefGroup = FBA2D8B21C716CB700FEA64B /* Products */;
			projectDirPath = "";
			projectRoot = "";
			targets = (
				FBA2D8B01C716CB700FEA64B /* gitdemo */,
				FBA2D8C91C716CB700FEA64B /* gitdemoTests */,
			);
		};
/* End PBXProject section */

/* Begin PBXResourcesBuildPhase section */
		FBA2D8AF1C716CB700FEA64B /* Resources */ = {
			isa = PBXResourcesBuildPhase;
			buildActionMask = 2147483647;
			files = (
				FBA2D8C01C716CB700FEA64B /* Main.storyboard in Resources */,
				FBA2D8C51C716CB700FEA64B /* LaunchScreen.xib in Resources */,
				FBA2D8C21C716CB700FEA64B /* Images.xcassets in Resources */,
			);
			runOnlyForDeploymentPostprocessing = 0;
		};
		FBA2D8C81C716CB700FEA64B /* Resources */ = {
			isa = PBXResourcesBuildPhase;
			buildActionMask = 2147483647;
			files = (
			);
			runOnlyForDeploymentPostprocessing = 0;
		};
/* End PBXResourcesBuildPhase section */

/* Begin PBXSourcesBuildPhase section */
		FBA2D8AD1C716CB700FEA64B /* Sources */ = {
			isa = PBXSourcesBuildPhase;
			buildActionMask = 2147483647;
			files = (
				FBA2D8BD1C716CB700FEA64B /* ViewController.m in Sources */,
				FBA2D8BA1C716CB700FEA64B /* AppDelegate.m in Sources */,
				FBA2D8B71C716CB700FEA64B /* main.m in Sources */,
			);
			runOnlyForDeploymentPostprocessing = 0;
		};
		FBA2D8C61C716CB700FEA64B /* Sources */ = {
			isa = PBXSourcesBuildPhase;
			buildActionMask = 2147483647;
			files = (
				FBA2D8D11C716CB700FEA64B /* gitdemoTests.m in Sources */,
			);
			runOnlyForDeploymentPostprocessing = 0;
		};
/* End PBXSourcesBuildPhase section */

/* Begin PBXTargetDependency section */
		FBA2D8CC1C716CB700FEA64B /* PBXTargetDependency */ = {
			isa = PBXTargetDependency;
			target = FBA2D8B01C716CB700FEA64B /* gitdemo */;
			targetProxy = FBA2D8CB1C716CB700FEA64B /* PBXContainerItemProxy */;
		};
/* End PBXTargetDependency section */

/* Begin PBXVariantGroup section */
		FBA2D8BE1C716CB700FEA64B /* Main.storyboard */ = {
			isa = PBXVariantGroup;
			children = (
				FBA2D8BF1C716CB700FEA64B /* Base */,
			);
			name = Main.storyboard;
			sourceTree = "<group>";
		};
		FBA2D8C31C716CB700FEA64B /* LaunchScreen.xib */ = {
			isa = PBXVariantGroup;
			children = (
				FBA2D8C41C716CB700FEA64B /* Base */,
			);
			name = LaunchScreen.xib;
			sourceTree = "<group>";
		};
/* End PBXVariantGroup section */

/* Begin XCBuildConfiguration section */
		FBA2D8D21C716CB700FEA64B /* Debug */ = {
			isa = XCBuildConfiguration;
			buildSettings = {
				ALWAYS_SEARCH_USER_PATHS = NO;
				CLANG_CXX_LANGUAGE_STANDARD = "gnu++0x";
				CLANG_CXX_LIBRARY = "libc++";
				CLANG_ENABLE_MODULES = YES;
				CLANG_ENABLE_OBJC_ARC = YES;
				CLANG_WARN_BOOL_CONVERSION = YES;
				CLANG_WARN_CONSTANT_CONVERSION = YES;
				CLANG_WARN_DIRECT_OBJC_ISA_USAGE = YES_ERROR;
				CLANG_WARN_EMPTY_BODY = YES;
				CLANG_WARN_ENUM_CONVERSION = YES;
				CLANG_WARN_INT_CONVERSION = YES;
				CLANG_WARN_OBJC_ROOT_CLASS = YES_ERROR;
				CLANG_WARN_UNREACHABLE_CODE = YES;
				CLANG_WARN__DUPLICATE_METHOD_MATCH = YES;
				"CODE_SIGN_IDENTITY[sdk=iphoneos*]" = "iPhone Developer";
				COPY_PHASE_STRIP = NO;
				DEBUG_INFORMATION_FORMAT = "dwarf-with-dsym";
				ENABLE_STRICT_OBJC_MSGSEND = YES;
				GCC_C_LANGUAGE_STANDARD = gnu99;
				GCC_DYNAMIC_NO_PIC = NO;
				GCC_NO_COMMON_BLOCKS = YES;
				GCC_OPTIMIZATION_LEVEL = 0;
				GCC_PREPROCESSOR_DEFINITIONS = (
					"DEBUG=1",
					"$(inherited)",
				);
				GCC_SYMBOLS_PRIVATE_EXTERN = NO;
				GCC_WARN_64_TO_32_BIT_CONVERSION = YES;
				GCC_WARN_ABOUT_RETURN_TYPE = YES_ERROR;
				GCC_WARN_UNDECLARED_SELECTOR = YES;
				GCC_WARN_UNINITIALIZED_AUTOS = YES_AGGRESSIVE;
				GCC_WARN_UNUSED_FUNCTION = YES;
				GCC_WARN_UNUSED_VARIABLE = YES;
				IPHONEOS_DEPLOYMENT_TARGET = 8.3;
				MTL_ENABLE_DEBUG_INFO = YES;
				ONLY_ACTIVE_ARCH = YES;
				SDKROOT = iphoneos;
			};
			name = Debug;
		};
		FBA2D8D31C716CB700FEA64B /* Release */ = {
			isa = XCBuildConfiguration;
			buildSettings = {
				ALWAYS_SEARCH_USER_PATHS = NO;
				CLANG_CXX_LANGUAGE_STANDARD = "gnu++0x";
				CLANG_CXX_LIBRARY = "libc++";
				CLANG_ENABLE_MODULES = YES;
				CLANG_ENABLE_OBJC_ARC = YES;
				CLANG_WARN_BOOL_CONVERSION = YES;
				CLANG_WARN_CONSTANT_CONVERSION = YES;
				CLANG_WARN_DIRECT_OBJC_ISA_USAGE = YES_ERROR;
				CLANG_WARN_EMPTY_BODY = YES;
				CLANG_WARN_ENUM_CONVERSION = YES;
				CLANG_WARN_INT_CONVERSION = YES;
				CLANG_WARN_OBJC_ROOT_CLASS = YES_ERROR;
				CLANG_WARN_UNREACHABLE_CODE = YES;
				CLANG_WARN__DUPLICATE_METHOD_MATCH = YES;
				"CODE_SIGN_IDENTITY[sdk=iphoneos*]" = "iPhone Developer";
				COPY_PHASE_STRIP = NO;
				DEBUG_INFORMATION_FORMAT = "dwarf-with-dsym";
				ENABLE_NS_ASSERTIONS = NO;
				ENABLE_STRICT_OBJC_MSGSEND = YES;
				GCC_C_LANGUAGE_STANDARD = gnu99;
				GCC_NO_COMMON_BLOCKS = YES;
				GCC_WARN_64_TO_32_BIT_CONVERSION = YES;
				GCC_WARN_ABOUT_RETURN_TYPE = YES_ERROR;
				GCC_WARN_UNDECLARED_SELECTOR = YES;
				GCC_WARN_UNINITIALIZED_AUTOS = YES_AGGRESSIVE;
				GCC_WARN_UNUSED_FUNCTION = YES;
				GCC_WARN_UNUSED_VARIABLE = YES;
				IPHONEOS_DEPLOYMENT_TARGET = 8.3;
				MTL_ENABLE_DEBUG_INFO = NO;
				SDKROOT = iphoneos;
				VALIDATE_PRODUCT = YES;
			};
			name = Release;
		};
		FBA2D8D51C716CB700FEA64B /* Debug */ = {
			isa = XCBuildConfiguration;
			buildSettings = {
				ASSETCATALOG_COMPILER_APPICON_NAME = AppIcon;
				INFOPLIST_FILE = gitdemo/Info.plist;
				LD_RUNPATH_SEARCH_PATHS = "$(inherited) @executable_path/Frameworks";
				PRODUCT_NAME = "$(TARGET_NAME)";
			};
			name = Debug;
		};
		FBA2D8D61C716CB700FEA64B /* Release */ = {
			isa = XCBuildConfiguration;
			buildSettings = {
				ASSETCATALOG_COMPILER_APPICON_NAME = AppIcon;
				INFOPLIST_FILE = gitdemo/Info.plist;
				LD_RUNPATH_SEARCH_PATHS = "$(inherited) @executable_path/Frameworks";
				PRODUCT_NAME = "$(TARGET_NAME)";
			};
			name = Release;
		};
		FBA2D8D81C716CB700FEA64B /* Debug */ = {
			isa = XCBuildConfiguration;
			buildSettings = {
				BUNDLE_LOADER = "$(TEST_HOST)";
				FRAMEWORK_SEARCH_PATHS = (
					"$(SDKROOT)/Developer/Library/Frameworks",
					"$(inherited)",
				);
				GCC_PREPROCESSOR_DEFINITIONS = (
					"DEBUG=1",
					"$(inherited)",
				);
				INFOPLIST_FILE = gitdemoTests/Info.plist;
				LD_RUNPATH_SEARCH_PATHS = "$(inherited) @executable_path/Frameworks @loader_path/Frameworks";
				PRODUCT_NAME = "$(TARGET_NAME)";
				TEST_HOST = "$(BUILT_PRODUCTS_DIR)/gitdemo.app/gitdemo";
			};
			name = Debug;
		};
		FBA2D8D91C716CB700FEA64B /* Release */ = {
			isa = XCBuildConfiguration;
			buildSettings = {
				BUNDLE_LOADER = "$(TEST_HOST)";
				FRAMEWORK_SEARCH_PATHS = (
					"$(SDKROOT)/Developer/Library/Frameworks",
					"$(inherited)",
				);
				INFOPLIST_FILE = gitdemoTests/Info.plist;
				LD_RUNPATH_SEARCH_PATHS = "$(inherited) @executable_path/Frameworks @loader_path/Frameworks";
				PRODUCT_NAME = "$(TARGET_NAME)";
				TEST_HOST = "$(BUILT_PRODUCTS_DIR)/gitdemo.app/gitdemo";
			};
			name = Release;
		};
/* End XCBuildConfiguration section */

/* Begin XCConfigurationList section */
		FBA2D8AC1C716CB700FEA64B /* Build configuration list for PBXProject "gitdemo" */ = {
			isa = XCConfigurationList;
			buildConfigurations = (
				FBA2D8D21C716CB700FEA64B /* Debug */,
				FBA2D8D31C716CB700FEA64B /* Release */,
			);
			defaultConfigurationIsVisible = 0;
			defaultConfigurationName = Release;
		};
		FBA2D8D41C716CB700FEA64B /* Build configuration list for PBXNativeTarget "gitdemo" */ = {
			isa = XCConfigurationList;
			buildConfigurations = (
				FBA2D8D51C716CB700FEA64B /* Debug */,
				FBA2D8D61C716CB700FEA64B /* Release */,
			);
			defaultConfigurationIsVisible = 0;
		};
		FBA2D8D71C716CB700FEA64B /* Build configuration list for PBXNativeTarget "gitdemoTests" */ = {
			isa = XCConfigurationList;
			buildConfigurations = (
				FBA2D8D81C716CB700FEA64B /* Debug */,
				FBA2D8D91C716CB700FEA64B /* Release */,
			);
			defaultConfigurationIsVisible = 0;
		};
/* End XCConfigurationList section */
	};
	rootObject = FBA2D8A91C716CB700FEA64B /* Project object */;
}
